
Microsoft Visual Studio Solution File, Format Version 12.00
# Visual Studio Version 16
VisualStudioVersion = 16.0.34031.81
MinimumVisualStudioVersion = 10.0.40219.1
Project("{2150E333-8FDC-42A3-9474-1A3956D46DE8}") = "Task0", "Task0", "{9AD64570-FAE1-4752-B5C2-8A91296CD170}"
EndProject
Project("{FAE04EC0-301F-11D3-BF4B-00C04F79EFBC}") = "Tyuiu.PolyanskiyDE.Sprint4.Task0.V15", "Tyuiu.PolyanskiyDE.Sprint4.Task0.V15\Tyuiu.PolyanskiyDE.Sprint4.Task0.V15.csproj", "{7A39F18F-E94D-40E8-99BA-69CB16FC882F}"
EndProject
Project("{FAE04EC0-301F-11D3-BF4B-00C04F79EFBC}") = "Tyuiu.PolyanskiyDE.Sprint4.Task0.V15.Lib", "Tyuiu.PolyanskiyDE.Sprint4.Task0.V15.Lib\Tyuiu.PolyanskiyDE.Sprint4.Task0.V15.Lib.csproj", "{30015D64-AA35-45FB-851F-30A252579F87}"
EndProject
Project("{FAE04EC0-301F-11D3-BF4B-00C04F79EFBC}") = "Tyuiu.PolyanskiyDE.Sprint4.Task0.V15.Test", "Tyuiu.PolyanskiyDE.Sprint4.Task0.V15.Test\Tyuiu.PolyanskiyDE.Sprint4.Task0.V15.Test.csproj", "{07C8E918-17FF-41DA-811C-8BF34635FC4C}"
EndProject
Project("{2150E333-8FDC-42A3-9474-1A3956D46DE8}") = "Task1", "Task1", "{1BBAF2F4-D598-47E5-9E40-95B9F3053066}"
EndProject
Project("{FAE04EC0-301F-11D3-BF4B-00C04F79EFBC}") = "Tyuiu.PolyanskiyDE.Sprint4.Task1.V24", "Tyuiu.PolyanskiyDE.Sprint4.Task1.V24\Tyuiu.PolyanskiyDE.Sprint4.Task1.V24.csproj", "{6149A382-AE97-4D92-BDBC-321B9F59D750}"
EndProject
Project("{FAE04EC0-301F-11D3-BF4B-00C04F79EFBC}") = "Tyuiu.PolyanskiyDE.Sprint4.Task1.V24.Lib", "Tyuiu.PolyanskiyDE.Sprint4.Task1.V24.Lib\Tyuiu.PolyanskiyDE.Sprint4.Task1.V24.Lib.csproj", "{D897CBAC-3615-4215-995E-774D19B44369}"
EndProject
Project("{FAE04EC0-301F-11D3-BF4B-00C04F79EFBC}") = "Tyuiu.PolyanskiyDE.Sprint4.Task1.V24.Test", "Tyuiu.PolyanskiyDE.Sprint4.Task1.V24.Test\Tyuiu.PolyanskiyDE.Sprint4.Task1.V24.Test.csproj", "{95BF1D4D-3723-4EFA-BB73-DDCE61F059B9}"
EndProject
Project("{2150E333-8FDC-42A3-9474-1A3956D46DE8}") = "Task2", "Task2", "{911EBAB2-80EF-48E1-AA34-A8A2035779F9}"
EndProject
Project("{FAE04EC0-301F-11D3-BF4B-00C04F79EFBC}") = "Tyuiu.PolyanskiyDE.Sprint4.Task2.V8", "Tyuiu.PolyanskiyDE.Sprint4.Task2.V8\Tyuiu.PolyanskiyDE.Sprint4.Task2.V8.csproj", "{159517B2-6D84-4181-A514-43940B0343A1}"
EndProject
Project("{FAE04EC0-301F-11D3-BF4B-00C04F79EFBC}") = "Tyuiu.PolyanskiyDE.Sprint4.Task2.V8.Lib", "Tyuiu.PolyanskiyDE.Sprint4.Task2.V8.Lib\Tyuiu.PolyanskiyDE.Sprint4.Task2.V8.Lib.csproj", "{6FEF2380-9CE1-4A5D-81E3-4CFF9786733B}"
EndProject
Project("{FAE04EC0-301F-11D3-BF4B-00C04F79EFBC}") = "Tyuiu.PolyanskiyDE.Sprint4.Task2.V8.Test", "Tyuiu.PolyanskiyDE.Sprint4.Task2.V8.Test\Tyuiu.PolyanskiyDE.Sprint4.Task2.V8.Test.csproj", "{30CBFEA9-3245-40CC-8944-29C49180D628}"
EndProject
Project("{2150E333-8FDC-42A3-9474-1A3956D46DE8}") = "Task3", "Task3", "{0179AAB1-7ACD-4ECB-B2F3-8329DFA22572}"
EndProject
Project("{FAE04EC0-301F-11D3-BF4B-00C04F79EFBC}") = "Tyuiu.PolyanskiyDE.Sprint4.Task3.V10", "Tyuiu.PolyanskiyDE.Sprint4.Task3.V10\Tyuiu.PolyanskiyDE.Sprint4.Task3.V10.csproj", "{8EA00480-3D7B-416C-86A3-5721F11DABB8}"
EndProject
Project("{FAE04EC0-301F-11D3-BF4B-00C04F79EFBC}") = "Tyuiu.PolyanskiyDE.Sprint4.Task3.V10.Lib", "Tyuiu.PolyanskiyDE.Sprint4.Task3.V10.Lib\Tyuiu.PolyanskiyDE.Sprint4.Task3.V10.Lib.csproj", "{04AB46EA-4E1B-4E55-90D6-BF5CDD7AA60D}"
EndProject
Project("{FAE04EC0-301F-11D3-BF4B-00C04F79EFBC}") = "Tyuiu.PolyanskiyDE.Sprint4.Task3.V10.Test", "Tyuiu.PolyanskiyDE.Sprint4.Task3.V10.Test\Tyuiu.PolyanskiyDE.Sprint4.Task3.V10.Test.csproj", "{BB00564D-5CCE-449B-B1BB-3A4D9EDFFD57}"
EndProject
Project("{2150E333-8FDC-42A3-9474-1A3956D46DE8}") = "Task4", "Task4", "{22A6A0D1-CC86-4CAA-9600-E532D10A26B5}"
EndProject
Project("{FAE04EC0-301F-11D3-BF4B-00C04F79EFBC}") = "Tyuiu.PolyanskiyDE.Sprint4.Task4.V20", "Tyuiu.PolyanskiyDE.Sprint4.Task4.V20\Tyuiu.PolyanskiyDE.Sprint4.Task4.V20.csproj", "{02D30249-57F4-4867-9FB4-921758B41C4E}"
EndProject
Project("{FAE04EC0-301F-11D3-BF4B-00C04F79EFBC}") = "Tyuiu.PolyanskiyDE.Sprint4.Task4.V20.Lib", "Tyuiu.PolyanskiyDE.Sprint4.Task4.V20.Lib\Tyuiu.PolyanskiyDE.Sprint4.Task4.V20.Lib.csproj", "{FD6390F2-20FA-4F99-9E9D-A81686B578E7}"
EndProject
Project("{FAE04EC0-301F-11D3-BF4B-00C04F79EFBC}") = "Tyuiu.PolyanskiyDE.Sprint4.Task4.V20.Test", "Tyuiu.PolyanskiyDE.Sprint4.Task4.V20.Test\Tyuiu.PolyanskiyDE.Sprint4.Task4.V20.Test.csproj", "{2110CE93-8F12-42DB-90A6-356AD6C745AE}"
EndProject
Project("{2150E333-8FDC-42A3-9474-1A3956D46DE8}") = "Task5", "Task5", "{0053D8DE-2EB2-4AC4-A4E5-A34B6E64D544}"
EndProject
Project("{FAE04EC0-301F-11D3-BF4B-00C04F79EFBC}") = "Tyuiu.PolyanskiyDE.Sprint4.Task5.V12", "Tyuiu.PolyanskiyDE.Sprint4.Task5.V12\Tyuiu.PolyanskiyDE.Sprint4.Task5.V12.csproj", "{F40FA963-D5EC-430A-A222-DD52B25585C8}"
EndProject
Project("{FAE04EC0-301F-11D3-BF4B-00C04F79EFBC}") = "Tyuiu.PolyanskiyDE.Sprint4.Task5.V12.Lib", "Tyuiu.PolyanskiyDE.Sprint4.Task5.V12.Lib\Tyuiu.PolyanskiyDE.Sprint4.Task5.V12.Lib.csproj", "{6EE483E3-770E-4758-9196-45FEAA8CF52C}"
EndProject
Project("{FAE04EC0-301F-11D3-BF4B-00C04F79EFBC}") = "Tyuiu.PolyanskiyDE.Sprint4.Task5.V12.Test", "Tyuiu.PolyanskiyDE.Sprint4.Task5.V12.Test\Tyuiu.PolyanskiyDE.Sprint4.Task5.V12.Test.csproj", "{25B8A6AF-B53D-4851-A2D7-F50208D0E1C6}"
EndProject
Project("{2150E333-8FDC-42A3-9474-1A3956D46DE8}") = "Task6", "Task6", "{A35CABE6-7BAD-4B85-B7EE-3A4AC83303D8}"
EndProject
Project("{FAE04EC0-301F-11D3-BF4B-00C04F79EFBC}") = "Tyuiu.PolyanskiyDE.Sprint4.Task6.V4", "Tyuiu.PolyanskiyDE.Sprint4.Task6.V4\Tyuiu.PolyanskiyDE.Sprint4.Task6.V4.csproj", "{A27E7850-365C-4DDD-962A-C70E16BA623A}"
EndProject
Project("{FAE04EC0-301F-11D3-BF4B-00C04F79EFBC}") = "Tyuiu.PolyanskiyDE.Sprint4.Task6.V4.Lib", "Tyuiu.PolyanskiyDE.Sprint4.Task6.V4.Lib\Tyuiu.PolyanskiyDE.Sprint4.Task6.V4.Lib.csproj", "{9CFAED92-22A4-4926-B1BA-D9EAB608D54D}"
EndProject
Project("{FAE04EC0-301F-11D3-BF4B-00C04F79EFBC}") = "Tyuiu.PolyanskiyDE.Sprint4.Task6.V4.Test", "Tyuiu.PolyanskiyDE.Sprint4.Task6.V4.Test\Tyuiu.PolyanskiyDE.Sprint4.Task6.V4.Test.csproj", "{68565EC4-5DF2-4D79-9D9E-75245EC97B47}"
EndProject
Global
	GlobalSection(SolutionConfigurationPlatforms) = preSolution
		Debug|Any CPU = Debug|Any CPU
		Release|Any CPU = Release|Any CPU
	EndGlobalSection
	GlobalSection(ProjectConfigurationPlatforms) = postSolution
		{7A39F18F-E94D-40E8-99BA-69CB16FC882F}.Debug|Any CPU.ActiveCfg = Debug|Any CPU
		{7A39F18F-E94D-40E8-99BA-69CB16FC882F}.Debug|Any CPU.Build.0 = Debug|Any CPU
		{7A39F18F-E94D-40E8-99BA-69CB16FC882F}.Release|Any CPU.ActiveCfg = Release|Any CPU
		{7A39F18F-E94D-40E8-99BA-69CB16FC882F}.Release|Any CPU.Build.0 = Release|Any CPU
		{30015D64-AA35-45FB-851F-30A252579F87}.Debug|Any CPU.ActiveCfg = Debug|Any CPU
		{30015D64-AA35-45FB-851F-30A252579F87}.Debug|Any CPU.Build.0 = Debug|Any CPU
		{30015D64-AA35-45FB-851F-30A252579F87}.Release|Any CPU.ActiveCfg = Release|Any CPU
		{30015D64-AA35-45FB-851F-30A252579F87}.Release|Any CPU.Build.0 = Release|Any CPU
		{07C8E918-17FF-41DA-811C-8BF34635FC4C}.Debug|Any CPU.ActiveCfg = Debug|Any CPU
		{07C8E918-17FF-41DA-811C-8BF34635FC4C}.Debug|Any CPU.Build.0 = Debug|Any CPU
		{07C8E918-17FF-41DA-811C-8BF34635FC4C}.Release|Any CPU.ActiveCfg = Release|Any CPU
		{07C8E918-17FF-41DA-811C-8BF34635FC4C}.Release|Any CPU.Build.0 = Release|Any CPU
		{6149A382-AE97-4D92-BDBC-321B9F59D750}.Debug|Any CPU.ActiveCfg = Debug|Any CPU
		{6149A382-AE97-4D92-BDBC-321B9F59D750}.Debug|Any CPU.Build.0 = Debug|Any CPU
		{6149A382-AE97-4D92-BDBC-321B9F59D750}.Release|Any CPU.ActiveCfg = Release|Any CPU
		{6149A382-AE97-4D92-BDBC-321B9F59D750}.Release|Any CPU.Build.0 = Release|Any CPU
		{D897CBAC-3615-4215-995E-774D19B44369}.Debug|Any CPU.ActiveCfg = Debug|Any CPU
		{D897CBAC-3615-4215-995E-774D19B44369}.Debug|Any CPU.Build.0 = Debug|Any CPU
		{D897CBAC-3615-4215-995E-774D19B44369}.Release|Any CPU.ActiveCfg = Release|Any CPU
		{D897CBAC-3615-4215-995E-774D19B44369}.Release|Any CPU.Build.0 = Release|Any CPU
		{95BF1D4D-3723-4EFA-BB73-DDCE61F059B9}.Debug|Any CPU.ActiveCfg = Debug|Any CPU
		{95BF1D4D-3723-4EFA-BB73-DDCE61F059B9}.Debug|Any CPU.Build.0 = Debug|Any CPU
		{95BF1D4D-3723-4EFA-BB73-DDCE61F059B9}.Release|Any CPU.ActiveCfg = Release|Any CPU
		{95BF1D4D-3723-4EFA-BB73-DDCE61F059B9}.Release|Any CPU.Build.0 = Release|Any CPU
		{159517B2-6D84-4181-A514-43940B0343A1}.Debug|Any CPU.ActiveCfg = Debug|Any CPU
		{159517B2-6D84-4181-A514-43940B0343A1}.Debug|Any CPU.Build.0 = Debug|Any CPU
		{159517B2-6D84-4181-A514-43940B0343A1}.Release|Any CPU.ActiveCfg = Release|Any CPU
		{159517B2-6D84-4181-A514-43940B0343A1}.Release|Any CPU.Build.0 = Release|Any CPU
		{6FEF2380-9CE1-4A5D-81E3-4CFF9786733B}.Debug|Any CPU.ActiveCfg = Debug|Any CPU
		{6FEF2380-9CE1-4A5D-81E3-4CFF9786733B}.Debug|Any CPU.Build.0 = Debug|Any CPU
		{6FEF2380-9CE1-4A5D-81E3-4CFF9786733B}.Release|Any CPU.ActiveCfg = Release|Any CPU
		{6FEF2380-9CE1-4A5D-81E3-4CFF9786733B}.Release|Any CPU.Build.0 = Release|Any CPU
		{30CBFEA9-3245-40CC-8944-29C49180D628}.Debug|Any CPU.ActiveCfg = Debug|Any CPU
		{30CBFEA9-3245-40CC-8944-29C49180D628}.Debug|Any CPU.Build.0 = Debug|Any CPU
		{30CBFEA9-3245-40CC-8944-29C49180D628}.Release|Any CPU.ActiveCfg = Release|Any CPU
		{30CBFEA9-3245-40CC-8944-29C49180D628}.Release|Any CPU.Build.0 = Release|Any CPU
		{8EA00480-3D7B-416C-86A3-5721F11DABB8}.Debug|Any CPU.ActiveCfg = Debug|Any CPU
		{8EA00480-3D7B-416C-86A3-5721F11DABB8}.Debug|Any CPU.Build.0 = Debug|Any CPU
		{8EA00480-3D7B-416C-86A3-5721F11DABB8}.Release|Any CPU.ActiveCfg = Release|Any CPU
		{8EA00480-3D7B-416C-86A3-5721F11DABB8}.Release|Any CPU.Build.0 = Release|Any CPU
		{04AB46EA-4E1B-4E55-90D6-BF5CDD7AA60D}.Debug|Any CPU.ActiveCfg = Debug|Any CPU
		{04AB46EA-4E1B-4E55-90D6-BF5CDD7AA60D}.Debug|Any CPU.Build.0 = Debug|Any CPU
		{04AB46EA-4E1B-4E55-90D6-BF5CDD7AA60D}.Release|Any CPU.ActiveCfg = Release|Any CPU
		{04AB46EA-4E1B-4E55-90D6-BF5CDD7AA60D}.Release|Any CPU.Build.0 = Release|Any CPU
		{BB00564D-5CCE-449B-B1BB-3A4D9EDFFD57}.Debug|Any CPU.ActiveCfg = Debug|Any CPU
		{BB00564D-5CCE-449B-B1BB-3A4D9EDFFD57}.Debug|Any CPU.Build.0 = Debug|Any CPU
		{BB00564D-5CCE-449B-B1BB-3A4D9EDFFD57}.Release|Any CPU.ActiveCfg = Release|Any CPU
		{BB00564D-5CCE-449B-B1BB-3A4D9EDFFD57}.Release|Any CPU.Build.0 = Release|Any CPU
		{02D30249-57F4-4867-9FB4-921758B41C4E}.Debug|Any CPU.ActiveCfg = Debug|Any CPU
		{02D30249-57F4-4867-9FB4-921758B41C4E}.Debug|Any CPU.Build.0 = Debug|Any CPU
		{02D30249-57F4-4867-9FB4-921758B41C4E}.Release|Any CPU.ActiveCfg = Release|Any CPU
		{02D30249-57F4-4867-9FB4-921758B41C4E}.Release|Any CPU.Build.0 = Release|Any CPU
		{FD6390F2-20FA-4F99-9E9D-A81686B578E7}.Debug|Any CPU.ActiveCfg = Debug|Any CPU
		{FD6390F2-20FA-4F99-9E9D-A81686B578E7}.Debug|Any CPU.Build.0 = Debug|Any CPU
		{FD6390F2-20FA-4F99-9E9D-A81686B578E7}.Release|Any CPU.ActiveCfg = Release|Any CPU
		{FD6390F2-20FA-4F99-9E9D-A81686B578E7}.Release|Any CPU.Build.0 = Release|Any CPU
		{2110CE93-8F12-42DB-90A6-356AD6C745AE}.Debug|Any CPU.ActiveCfg = Debug|Any CPU
		{2110CE93-8F12-42DB-90A6-356AD6C745AE}.Debug|Any CPU.Build.0 = Debug|Any CPU
		{2110CE93-8F12-42DB-90A6-356AD6C745AE}.Release|Any CPU.ActiveCfg = Release|Any CPU
		{2110CE93-8F12-42DB-90A6-356AD6C745AE}.Release|Any CPU.Build.0 = Release|Any CPU
		{F40FA963-D5EC-430A-A222-DD52B25585C8}.Debug|Any CPU.ActiveCfg = Debug|Any CPU
		{F40FA963-D5EC-430A-A222-DD52B25585C8}.Debug|Any CPU.Build.0 = Debug|Any CPU
		{F40FA963-D5EC-430A-A222-DD52B25585C8}.Release|Any CPU.ActiveCfg = Release|Any CPU
		{F40FA963-D5EC-430A-A222-DD52B25585C8}.Release|Any CPU.Build.0 = Release|Any CPU
		{6EE483E3-770E-4758-9196-45FEAA8CF52C}.Debug|Any CPU.ActiveCfg = Debug|Any CPU
		{6EE483E3-770E-4758-9196-45FEAA8CF52C}.Debug|Any CPU.Build.0 = Debug|Any CPU
		{6EE483E3-770E-4758-9196-45FEAA8CF52C}.Release|Any CPU.ActiveCfg = Release|Any CPU
		{6EE483E3-770E-4758-9196-45FEAA8CF52C}.Release|Any CPU.Build.0 = Release|Any CPU
		{25B8A6AF-B53D-4851-A2D7-F50208D0E1C6}.Debug|Any CPU.ActiveCfg = Debug|Any CPU
		{25B8A6AF-B53D-4851-A2D7-F50208D0E1C6}.Debug|Any CPU.Build.0 = Debug|Any CPU
		{25B8A6AF-B53D-4851-A2D7-F50208D0E1C6}.Release|Any CPU.ActiveCfg = Release|Any CPU
		{25B8A6AF-B53D-4851-A2D7-F50208D0E1C6}.Release|Any CPU.Build.0 = Release|Any CPU
		{A27E7850-365C-4DDD-962A-C70E16BA623A}.Debug|Any CPU.ActiveCfg = Debug|Any CPU
		{A27E7850-365C-4DDD-962A-C70E16BA623A}.Debug|Any CPU.Build.0 = Debug|Any CPU
		{A27E7850-365C-4DDD-962A-C70E16BA623A}.Release|Any CPU.ActiveCfg = Release|Any CPU
		{A27E7850-365C-4DDD-962A-C70E16BA623A}.Release|Any CPU.Build.0 = Release|Any CPU
		{9CFAED92-22A4-4926-B1BA-D9EAB608D54D}.Debug|Any CPU.ActiveCfg = Debug|Any CPU
		{9CFAED92-22A4-4926-B1BA-D9EAB608D54D}.Debug|Any CPU.Build.0 = Debug|Any CPU
		{9CFAED92-22A4-4926-B1BA-D9EAB608D54D}.Release|Any CPU.ActiveCfg = Release|Any CPU
		{9CFAED92-22A4-4926-B1BA-D9EAB608D54D}.Release|Any CPU.Build.0 = Release|Any CPU
		{68565EC4-5DF2-4D79-9D9E-75245EC97B47}.Debug|Any CPU.ActiveCfg = Debug|Any CPU
		{68565EC4-5DF2-4D79-9D9E-75245EC97B47}.Debug|Any CPU.Build.0 = Debug|Any CPU
		{68565EC4-5DF2-4D79-9D9E-75245EC97B47}.Release|Any CPU.ActiveCfg = Release|Any CPU
		{68565EC4-5DF2-4D79-9D9E-75245EC97B47}.Release|Any CPU.Build.0 = Release|Any CPU
	EndGlobalSection
	GlobalSection(SolutionProperties) = preSolution
		HideSolutionNode = FALSE
	EndGlobalSection
	GlobalSection(NestedProjects) = preSolution
		{7A39F18F-E94D-40E8-99BA-69CB16FC882F} = {9AD64570-FAE1-4752-B5C2-8A91296CD170}
		{30015D64-AA35-45FB-851F-30A252579F87} = {9AD64570-FAE1-4752-B5C2-8A91296CD170}
		{07C8E918-17FF-41DA-811C-8BF34635FC4C} = {9AD64570-FAE1-4752-B5C2-8A91296CD170}
		{6149A382-AE97-4D92-BDBC-321B9F59D750} = {1BBAF2F4-D598-47E5-9E40-95B9F3053066}
		{D897CBAC-3615-4215-995E-774D19B44369} = {1BBAF2F4-D598-47E5-9E40-95B9F3053066}
		{95BF1D4D-3723-4EFA-BB73-DDCE61F059B9} = {1BBAF2F4-D598-47E5-9E40-95B9F3053066}
		{159517B2-6D84-4181-A514-43940B0343A1} = {911EBAB2-80EF-48E1-AA34-A8A2035779F9}
		{6FEF2380-9CE1-4A5D-81E3-4CFF9786733B} = {911EBAB2-80EF-48E1-AA34-A8A2035779F9}
		{30CBFEA9-3245-40CC-8944-29C49180D628} = {911EBAB2-80EF-48E1-AA34-A8A2035779F9}
		{8EA00480-3D7B-416C-86A3-5721F11DABB8} = {0179AAB1-7ACD-4ECB-B2F3-8329DFA22572}
		{04AB46EA-4E1B-4E55-90D6-BF5CDD7AA60D} = {0179AAB1-7ACD-4ECB-B2F3-8329DFA22572}
		{BB00564D-5CCE-449B-B1BB-3A4D9EDFFD57} = {0179AAB1-7ACD-4ECB-B2F3-8329DFA22572}
		{02D30249-57F4-4867-9FB4-921758B41C4E} = {22A6A0D1-CC86-4CAA-9600-E532D10A26B5}
		{FD6390F2-20FA-4F99-9E9D-A81686B578E7} = {22A6A0D1-CC86-4CAA-9600-E532D10A26B5}
		{2110CE93-8F12-42DB-90A6-356AD6C745AE} = {22A6A0D1-CC86-4CAA-9600-E532D10A26B5}
		{F40FA963-D5EC-430A-A222-DD52B25585C8} = {0053D8DE-2EB2-4AC4-A4E5-A34B6E64D544}
		{6EE483E3-770E-4758-9196-45FEAA8CF52C} = {0053D8DE-2EB2-4AC4-A4E5-A34B6E64D544}
		{25B8A6AF-B53D-4851-A2D7-F50208D0E1C6} = {0053D8DE-2EB2-4AC4-A4E5-A34B6E64D544}
		{A27E7850-365C-4DDD-962A-C70E16BA623A} = {A35CABE6-7BAD-4B85-B7EE-3A4AC83303D8}
		{9CFAED92-22A4-4926-B1BA-D9EAB608D54D} = {A35CABE6-7BAD-4B85-B7EE-3A4AC83303D8}
		{68565EC4-5DF2-4D79-9D9E-75245EC97B47} = {A35CABE6-7BAD-4B85-B7EE-3A4AC83303D8}
	EndGlobalSection
	GlobalSection(ExtensibilityGlobals) = postSolution
		SolutionGuid = {500C6FCF-1D26-47DC-822A-748B30C50D9F}
	EndGlobalSection
EndGlobal
